
Microsoft Visual Studio Solution File, Format Version 12.00
# Visual Studio 2012
Project("{FAE04EC0-301F-11D3-BF4B-00C04F79EFBC}") = "CodeOwls.PowerShell.ScriptCS", "CodeOwls.PowerShell.ScriptCS\CodeOwls.PowerShell.ScriptCS.csproj", "{FFBAAC88-1D8E-4068-B7E7-C01AA302553F}"
EndProject
Project("{FAE04EC0-301F-11D3-BF4B-00C04F79EFBC}") = "CodeOwls.PowerShell.ScriptCS.Tests", "CodeOwls.PowerShell.ScriptCS.Tests\CodeOwls.PowerShell.ScriptCS.Tests.csproj", "{798053CE-5278-4574-AE60-D9AB63AE1BF0}"
EndProject
Project("{2150E333-8FDC-42A3-9474-1A3956D46DE8}") = ".nuget", ".nuget", "{A623CA40-0D38-4C99-AE8C-424EE280C6FB}"
	ProjectSection(SolutionItems) = preProject
		.nuget\NuGet.Config = .nuget\NuGet.Config
		.nuget\NuGet.exe = .nuget\NuGet.exe
	EndProjectSection
EndProject
Global
	GlobalSection(SolutionConfigurationPlatforms) = preSolution
		Debug|Any CPU = Debug|Any CPU
		Release|Any CPU = Release|Any CPU
	EndGlobalSection
	GlobalSection(ProjectConfigurationPlatforms) = postSolution
		{FFBAAC88-1D8E-4068-B7E7-C01AA302553F}.Debug|Any CPU.ActiveCfg = Debug|Any CPU
		{FFBAAC88-1D8E-4068-B7E7-C01AA302553F}.Debug|Any CPU.Build.0 = Debug|Any CPU
		{FFBAAC88-1D8E-4068-B7E7-C01AA302553F}.Release|Any CPU.ActiveCfg = Release|Any CPU
		{FFBAAC88-1D8E-4068-B7E7-C01AA302553F}.Release|Any CPU.Build.0 = Release|Any CPU
		{798053CE-5278-4574-AE60-D9AB63AE1BF0}.Debug|Any CPU.ActiveCfg = Debug|Any CPU
		{798053CE-5278-4574-AE60-D9AB63AE1BF0}.Debug|Any CPU.Build.0 = Debug|Any CPU
		{798053CE-5278-4574-AE60-D9AB63AE1BF0}.Release|Any CPU.ActiveCfg = Release|Any CPU
		{798053CE-5278-4574-AE60-D9AB63AE1BF0}.Release|Any CPU.Build.0 = Release|Any CPU
	EndGlobalSection
	GlobalSection(SolutionProperties) = preSolution
		HideSolutionNode = FALSE
	EndGlobalSection
EndGlobal
